
Microsoft Visual Studio Solution File, Format Version 12.00
# Visual Studio 15
VisualStudioVersion = 15.0.27004.2002
MinimumVisualStudioVersion = 10.0.40219.1
Project("{FAE04EC0-301F-11D3-BF4B-00C04F79EFBC}") = "App4.Android", "App4\App4.Android\App4.Android.csproj", "{99D5B7A4-F3EA-4F1E-AF39-7BE17FB7E5D9}"
EndProject
Project("{FAE04EC0-301F-11D3-BF4B-00C04F79EFBC}") = "App4", "App4\App4\App4.csproj", "{70F71E8E-12D5-4CC3-83D4-C30AAE53AAB4}"
EndProject
Project("{FAE04EC0-301F-11D3-BF4B-00C04F79EFBC}") = "App4.iOS", "App4\App4.iOS\App4.iOS.csproj", "{D5E2D7A0-A88A-4387-953C-B1DB9AA65E10}"
EndProject
Global
	GlobalSection(SolutionConfigurationPlatforms) = preSolution
		Ad-Hoc|Any CPU = Ad-Hoc|Any CPU
		Ad-Hoc|iPhone = Ad-Hoc|iPhone
		Ad-Hoc|iPhoneSimulator = Ad-Hoc|iPhoneSimulator
		AppStore|Any CPU = AppStore|Any CPU
		AppStore|iPhone = AppStore|iPhone
		AppStore|iPhoneSimulator = AppStore|iPhoneSimulator
		Debug|Any CPU = Debug|Any CPU
		Debug|iPhone = Debug|iPhone
		Debug|iPhoneSimulator = Debug|iPhoneSimulator
		Release|Any CPU = Release|Any CPU
		Release|iPhone = Release|iPhone
		Release|iPhoneSimulator = Release|iPhoneSimulator
	EndGlobalSection
	GlobalSection(ProjectConfigurationPlatforms) = postSolution
		{99D5B7A4-F3EA-4F1E-AF39-7BE17FB7E5D9}.Ad-Hoc|Any CPU.ActiveCfg = Release|Any CPU
		{99D5B7A4-F3EA-4F1E-AF39-7BE17FB7E5D9}.Ad-Hoc|Any CPU.Build.0 = Release|Any CPU
		{99D5B7A4-F3EA-4F1E-AF39-7BE17FB7E5D9}.Ad-Hoc|Any CPU.Deploy.0 = Release|Any CPU
		{99D5B7A4-F3EA-4F1E-AF39-7BE17FB7E5D9}.Ad-Hoc|iPhone.ActiveCfg = Release|Any CPU
		{99D5B7A4-F3EA-4F1E-AF39-7BE17FB7E5D9}.Ad-Hoc|iPhone.Build.0 = Release|Any CPU
		{99D5B7A4-F3EA-4F1E-AF39-7BE17FB7E5D9}.Ad-Hoc|iPhone.Deploy.0 = Release|Any CPU
		{99D5B7A4-F3EA-4F1E-AF39-7BE17FB7E5D9}.Ad-Hoc|iPhoneSimulator.ActiveCfg = Release|Any CPU
		{99D5B7A4-F3EA-4F1E-AF39-7BE17FB7E5D9}.Ad-Hoc|iPhoneSimulator.Build.0 = Release|Any CPU
		{99D5B7A4-F3EA-4F1E-AF39-7BE17FB7E5D9}.Ad-Hoc|iPhoneSimulator.Deploy.0 = Release|Any CPU
		{99D5B7A4-F3EA-4F1E-AF39-7BE17FB7E5D9}.AppStore|Any CPU.ActiveCfg = Release|Any CPU
		{99D5B7A4-F3EA-4F1E-AF39-7BE17FB7E5D9}.AppStore|Any CPU.Build.0 = Release|Any CPU
		{99D5B7A4-F3EA-4F1E-AF39-7BE17FB7E5D9}.AppStore|Any CPU.Deploy.0 = Release|Any CPU
		{99D5B7A4-F3EA-4F1E-AF39-7BE17FB7E5D9}.AppStore|iPhone.ActiveCfg = Release|Any CPU
		{99D5B7A4-F3EA-4F1E-AF39-7BE17FB7E5D9}.AppStore|iPhone.Build.0 = Release|Any CPU
		{99D5B7A4-F3EA-4F1E-AF39-7BE17FB7E5D9}.AppStore|iPhone.Deploy.0 = Release|Any CPU
		{99D5B7A4-F3EA-4F1E-AF39-7BE17FB7E5D9}.AppStore|iPhoneSimulator.ActiveCfg = Release|Any CPU
		{99D5B7A4-F3EA-4F1E-AF39-7BE17FB7E5D9}.AppStore|iPhoneSimulator.Build.0 = Release|Any CPU
		{99D5B7A4-F3EA-4F1E-AF39-7BE17FB7E5D9}.AppStore|iPhoneSimulator.Deploy.0 = Release|Any CPU
		{99D5B7A4-F3EA-4F1E-AF39-7BE17FB7E5D9}.Debug|Any CPU.ActiveCfg = Debug|Any CPU
		{99D5B7A4-F3EA-4F1E-AF39-7BE17FB7E5D9}.Debug|Any CPU.Build.0 = Debug|Any CPU
		{99D5B7A4-F3EA-4F1E-AF39-7BE17FB7E5D9}.Debug|Any CPU.Deploy.0 = Debug|Any CPU
		{99D5B7A4-F3EA-4F1E-AF39-7BE17FB7E5D9}.Debug|iPhone.ActiveCfg = Debug|Any CPU
		{99D5B7A4-F3EA-4F1E-AF39-7BE17FB7E5D9}.Debug|iPhone.Build.0 = Debug|Any CPU
		{99D5B7A4-F3EA-4F1E-AF39-7BE17FB7E5D9}.Debug|iPhone.Deploy.0 = Debug|Any CPU
		{99D5B7A4-F3EA-4F1E-AF39-7BE17FB7E5D9}.Debug|iPhoneSimulator.ActiveCfg = Debug|Any CPU
		{99D5B7A4-F3EA-4F1E-AF39-7BE17FB7E5D9}.Debug|iPhoneSimulator.Build.0 = Debug|Any CPU
		{99D5B7A4-F3EA-4F1E-AF39-7BE17FB7E5D9}.Debug|iPhoneSimulator.Deploy.0 = Debug|Any CPU
		{99D5B7A4-F3EA-4F1E-AF39-7BE17FB7E5D9}.Release|Any CPU.ActiveCfg = Release|Any CPU
		{99D5B7A4-F3EA-4F1E-AF39-7BE17FB7E5D9}.Release|Any CPU.Build.0 = Release|Any CPU
		{99D5B7A4-F3EA-4F1E-AF39-7BE17FB7E5D9}.Release|Any CPU.Deploy.0 = Release|Any CPU
		{99D5B7A4-F3EA-4F1E-AF39-7BE17FB7E5D9}.Release|iPhone.ActiveCfg = Release|Any CPU
		{99D5B7A4-F3EA-4F1E-AF39-7BE17FB7E5D9}.Release|iPhone.Build.0 = Release|Any CPU
		{99D5B7A4-F3EA-4F1E-AF39-7BE17FB7E5D9}.Release|iPhone.Deploy.0 = Release|Any CPU
		{99D5B7A4-F3EA-4F1E-AF39-7BE17FB7E5D9}.Release|iPhoneSimulator.ActiveCfg = Release|Any CPU
		{99D5B7A4-F3EA-4F1E-AF39-7BE17FB7E5D9}.Release|iPhoneSimulator.Build.0 = Release|Any CPU
		{99D5B7A4-F3EA-4F1E-AF39-7BE17FB7E5D9}.Release|iPhoneSimulator.Deploy.0 = Release|Any CPU
		{70F71E8E-12D5-4CC3-83D4-C30AAE53AAB4}.Ad-Hoc|Any CPU.ActiveCfg = Release|Any CPU
		{70F71E8E-12D5-4CC3-83D4-C30AAE53AAB4}.Ad-Hoc|Any CPU.Build.0 = Release|Any CPU
		{70F71E8E-12D5-4CC3-83D4-C30AAE53AAB4}.Ad-Hoc|iPhone.ActiveCfg = Release|Any CPU
		{70F71E8E-12D5-4CC3-83D4-C30AAE53AAB4}.Ad-Hoc|iPhone.Build.0 = Release|Any CPU
		{70F71E8E-12D5-4CC3-83D4-C30AAE53AAB4}.Ad-Hoc|iPhoneSimulator.ActiveCfg = Release|Any CPU
		{70F71E8E-12D5-4CC3-83D4-C30AAE53AAB4}.Ad-Hoc|iPhoneSimulator.Build.0 = Release|Any CPU
		{70F71E8E-12D5-4CC3-83D4-C30AAE53AAB4}.AppStore|Any CPU.ActiveCfg = Release|Any CPU
		{70F71E8E-12D5-4CC3-83D4-C30AAE53AAB4}.AppStore|Any CPU.Build.0 = Release|Any CPU
		{70F71E8E-12D5-4CC3-83D4-C30AAE53AAB4}.AppStore|iPhone.ActiveCfg = Release|Any CPU
		{70F71E8E-12D5-4CC3-83D4-C30AAE53AAB4}.AppStore|iPhone.Build.0 = Release|Any CPU
		{70F71E8E-12D5-4CC3-83D4-C30AAE53AAB4}.AppStore|iPhoneSimulator.ActiveCfg = Release|Any CPU
		{70F71E8E-12D5-4CC3-83D4-C30AAE53AAB4}.AppStore|iPhoneSimulator.Build.0 = Release|Any CPU
		{70F71E8E-12D5-4CC3-83D4-C30AAE53AAB4}.Debug|Any CPU.ActiveCfg = Debug|Any CPU
		{70F71E8E-12D5-4CC3-83D4-C30AAE53AAB4}.Debug|Any CPU.Build.0 = Debug|Any CPU
		{70F71E8E-12D5-4CC3-83D4-C30AAE53AAB4}.Debug|iPhone.ActiveCfg = Debug|Any CPU
		{70F71E8E-12D5-4CC3-83D4-C30AAE53AAB4}.Debug|iPhone.Build.0 = Debug|Any CPU
		{70F71E8E-12D5-4CC3-83D4-C30AAE53AAB4}.Debug|iPhoneSimulator.ActiveCfg = Debug|Any CPU
		{70F71E8E-12D5-4CC3-83D4-C30AAE53AAB4}.Debug|iPhoneSimulator.Build.0 = Debug|Any CPU
		{70F71E8E-12D5-4CC3-83D4-C30AAE53AAB4}.Release|Any CPU.ActiveCfg = Release|Any CPU
		{70F71E8E-12D5-4CC3-83D4-C30AAE53AAB4}.Release|Any CPU.Build.0 = Release|Any CPU
		{70F71E8E-12D5-4CC3-83D4-C30AAE53AAB4}.Release|iPhone.ActiveCfg = Release|Any CPU
		{70F71E8E-12D5-4CC3-83D4-C30AAE53AAB4}.Release|iPhone.Build.0 = Release|Any CPU
		{70F71E8E-12D5-4CC3-83D4-C30AAE53AAB4}.Release|iPhoneSimulator.ActiveCfg = Release|Any CPU
		{70F71E8E-12D5-4CC3-83D4-C30AAE53AAB4}.Release|iPhoneSimulator.Build.0 = Release|Any CPU
		{D5E2D7A0-A88A-4387-953C-B1DB9AA65E10}.Ad-Hoc|Any CPU.ActiveCfg = Ad-Hoc|iPhoneSimulator
		{D5E2D7A0-A88A-4387-953C-B1DB9AA65E10}.Ad-Hoc|iPhone.ActiveCfg = Ad-Hoc|iPhone
		{D5E2D7A0-A88A-4387-953C-B1DB9AA65E10}.Ad-Hoc|iPhone.Build.0 = Ad-Hoc|iPhone
		{D5E2D7A0-A88A-4387-953C-B1DB9AA65E10}.Ad-Hoc|iPhoneSimulator.ActiveCfg = Ad-Hoc|iPhoneSimulator
		{D5E2D7A0-A88A-4387-953C-B1DB9AA65E10}.Ad-Hoc|iPhoneSimulator.Build.0 = Ad-Hoc|iPhoneSimulator
		{D5E2D7A0-A88A-4387-953C-B1DB9AA65E10}.AppStore|Any CPU.ActiveCfg = AppStore|iPhoneSimulator
		{D5E2D7A0-A88A-4387-953C-B1DB9AA65E10}.AppStore|iPhone.ActiveCfg = AppStore|iPhone
		{D5E2D7A0-A88A-4387-953C-B1DB9AA65E10}.AppStore|iPhone.Build.0 = AppStore|iPhone
		{D5E2D7A0-A88A-4387-953C-B1DB9AA65E10}.AppStore|iPhoneSimulator.ActiveCfg = AppStore|iPhoneSimulator
		{D5E2D7A0-A88A-4387-953C-B1DB9AA65E10}.AppStore|iPhoneSimulator.Build.0 = AppStore|iPhoneSimulator
		{D5E2D7A0-A88A-4387-953C-B1DB9AA65E10}.Debug|Any CPU.ActiveCfg = Debug|iPhoneSimulator
		{D5E2D7A0-A88A-4387-953C-B1DB9AA65E10}.Debug|iPhone.ActiveCfg = Debug|iPhone
		{D5E2D7A0-A88A-4387-953C-B1DB9AA65E10}.Debug|iPhone.Build.0 = Debug|iPhone
		{D5E2D7A0-A88A-4387-953C-B1DB9AA65E10}.Debug|iPhoneSimulator.ActiveCfg = Debug|iPhoneSimulator
		{D5E2D7A0-A88A-4387-953C-B1DB9AA65E10}.Debug|iPhoneSimulator.Build.0 = Debug|iPhoneSimulator
		{D5E2D7A0-A88A-4387-953C-B1DB9AA65E10}.Release|Any CPU.ActiveCfg = Release|iPhoneSimulator
		{D5E2D7A0-A88A-4387-953C-B1DB9AA65E10}.Release|iPhone.ActiveCfg = Release|iPhone
		{D5E2D7A0-A88A-4387-953C-B1DB9AA65E10}.Release|iPhone.Build.0 = Release|iPhone
		{D5E2D7A0-A88A-4387-953C-B1DB9AA65E10}.Release|iPhoneSimulator.ActiveCfg = Release|iPhoneSimulator
		{D5E2D7A0-A88A-4387-953C-B1DB9AA65E10}.Release|iPhoneSimulator.Build.0 = Release|iPhoneSimulator
	EndGlobalSection
	GlobalSection(SolutionProperties) = preSolution
		HideSolutionNode = FALSE
	EndGlobalSection
	GlobalSection(ExtensibilityGlobals) = postSolution
		SolutionGuid = {DBC2F7CD-B90B-44FE-9C5A-F2FF005C9074}
	EndGlobalSection
EndGlobal
